{
  "lockfileVersion": 1,
  "configVersion": 1,
  "workspaces": {
    "": {
      "name": "bughq",
      "dependencies": {
        "@stacksjs/actions": "^0.70.90",
        "@stacksjs/ai": "^0.70.90",
        "@stacksjs/alias": "^0.70.90",
        "@stacksjs/analytics": "^0.70.90",
        "@stacksjs/api": "^0.70.90",
        "@stacksjs/arrays": "^0.70.90",
        "@stacksjs/auth": "^0.70.90",
        "@stacksjs/browser": "^0.70.90",
        "@stacksjs/browser-extension": "^0.70.90",
        "@stacksjs/buddy": "^0.70.90",
        "@stacksjs/build": "^0.70.90",
        "@stacksjs/cache": "^0.70.90",
        "@stacksjs/calendar-api": "^0.70.90",
        "@stacksjs/charts": "^0.70.90",
        "@stacksjs/chat": "^0.70.90",
        "@stacksjs/cli": "^0.70.90",
        "@stacksjs/cloud": "^0.70.90",
        "@stacksjs/cms": "^0.70.90",
        "@stacksjs/collections": "^0.70.90",
        "@stacksjs/commerce": "^0.70.90",
        "@stacksjs/composables": "^0.70.90",
        "@stacksjs/config": "^0.70.90",
        "@stacksjs/cron": "^0.70.90",
        "@stacksjs/database": "^0.70.90",
        "@stacksjs/datetime": "^0.70.90",
        "@stacksjs/defaults": "^0.70.90",
        "@stacksjs/desktop": "^0.2.97",
        "@stacksjs/dns": "^0.70.90",
        "@stacksjs/docs": "^0.70.90",
        "@stacksjs/email": "^0.70.90",
        "@stacksjs/enums": "^0.70.90",
        "@stacksjs/env": "^0.70.90",
        "@stacksjs/error-handling": "^0.70.90",
        "@stacksjs/events": "^0.70.90",
        "@stacksjs/faker": "^0.70.90",
        "@stacksjs/git": "^0.70.90",
        "@stacksjs/github": "^0.70.90",
        "@stacksjs/health": "^0.70.90",
        "@stacksjs/http": "^0.70.90",
        "@stacksjs/i18n": "^0.70.90",
        "@stacksjs/lint": "^0.70.90",
        "@stacksjs/logging": "^0.70.90",
        "@stacksjs/newsletter": "^0.70.90",
        "@stacksjs/notifications": "^0.70.90",
        "@stacksjs/objects": "^0.70.90",
        "@stacksjs/orm": "^0.70.90",
        "@stacksjs/path": "^0.70.90",
        "@stacksjs/payments": "^0.70.90",
        "@stacksjs/push": "^0.70.90",
        "@stacksjs/query-builder": "^0.70.90",
        "@stacksjs/queue": "^0.70.90",
        "@stacksjs/realtime": "^0.70.90",
        "@stacksjs/registry": "^0.10.14",
        "@stacksjs/repl": "^0.70.90",
        "@stacksjs/router": "^0.70.90",
        "@stacksjs/scheduler": "^0.70.90",
        "@stacksjs/search-engine": "^0.70.90",
        "@stacksjs/security": "^0.70.90",
        "@stacksjs/server": "^0.70.90",
        "@stacksjs/shell": "^0.70.90",
        "@stacksjs/skills": "^0.70.90",
        "@stacksjs/slug": "^0.70.90",
        "@stacksjs/sms": "^0.70.90",
        "@stacksjs/socials": "^0.70.90",
        "@stacksjs/storage": "^0.70.90",
        "@stacksjs/strings": "^0.70.90",
        "@stacksjs/testing": "^0.70.90",
        "@stacksjs/tinker": "^0.70.90",
        "@stacksjs/tlsx": "^0.13.11",
        "@stacksjs/tunnel": "^0.70.90",
        "@stacksjs/types": "^0.70.90",
        "@stacksjs/ui": "^0.70.90",
        "@stacksjs/utils": "^0.70.90",
        "@stacksjs/validation": "^0.70.90",
        "@stacksjs/whois": "^0.70.90",
        "bun-plugin-auto-imports": "^0.4.1",
        "stacks": "^0.70.90",
      },
      "devDependencies": {
        "better-dx": "^0.2.15",
      },
    },
  },
  "packages": {
    "@cwcss/crosswind": ["@cwcss/crosswind@0.2.10", "", { "dependencies": { "@stacksjs/clapp": "^0.2.0", "bunfig": "^0.15.0" }, "bin": { "crosswind": "./dist/cli.js" } }, "sha512-yG0kjhmhZxSQtmDu3STgIrYc6zUuH+g6gwzaYq5LqKStY1HM65WZWMI86ZqET6yGRRWUdQQMCF2176o2nK8YRA=="],

    "@jridgewell/gen-mapping": ["@jridgewell/gen-mapping@0.3.13", "", { "dependencies": { "@jridgewell/sourcemap-codec": "^1.5.0", "@jridgewell/trace-mapping": "^0.3.24" } }, "sha512-2kkt/7niJ6MgEPxF0bYdQ6etZaA+fQvDcLKckhy1yIQOzaoKjBBjSj63/aLVjYE3qhRt5dvM+uUyfCg6UKCBbA=="],

    "@jridgewell/remapping": ["@jridgewell/remapping@2.3.5", "", { "dependencies": { "@jridgewell/gen-mapping": "^0.3.5", "@jridgewell/trace-mapping": "^0.3.24" } }, "sha512-LI9u/+laYG4Ds1TDKSJW2YPrIlcVYOwi2fUC6xB43lueCjgxV4lffOCZCtYFiH6TNOX+tQKXx97T4IKHbhyHEQ=="],

    "@jridgewell/resolve-uri": ["@jridgewell/resolve-uri@3.1.2", "", {}, "sha512-bRISgCIjP20/tbWSPWMEi54QVPRZExkuD9lJL+UIxUKtwVJA8wW1Trb1jMs1RFXo1CBTNZ/5hpC9QvmKWdopKw=="],

    "@jridgewell/sourcemap-codec": ["@jridgewell/sourcemap-codec@1.5.5", "", {}, "sha512-cYQ9310grqxueWbl+WuIUIaiUaDcj7WOq5fVhEljNVgRfOUhY9fy2zTvfoqWsnebh8Sl70VScFbICvJnLKB0Og=="],

    "@jridgewell/trace-mapping": ["@jridgewell/trace-mapping@0.3.31", "", { "dependencies": { "@jridgewell/resolve-uri": "^3.1.0", "@jridgewell/sourcemap-codec": "^1.4.14" } }, "sha512-zzNR+SdQSDJzc8joaeP8QQoCQr8NuYx2dIIytl1QeBEZHJ9uW6hebsrYgbz8hJwUQao3TWCMtmfV8Nu1twOLAw=="],

    "@stacksjs/actions": ["@stacksjs/actions@0.70.90", "", { "dependencies": { "@stacksjs/bumpx": "^0.2.6", "@stacksjs/bunpress": "^0.1.12", "@stacksjs/logsmith": "^0.2.3", "@stacksjs/ts-cloud": "^0.7.17", "@stacksjs/ts-md": "^0.1.1" }, "peerDependencies": { "pickier": "^0.1.28" }, "optionalPeers": ["pickier"] }, "sha512-NAbS+53x7CEh4x2gB//rm+UrQXB3yFv2nQ/fIJ7ZqvGgwuoAOpWdP1iNpsgx+JPIQvRX+IeYlqVOTdGNKpmUCw=="],

    "@stacksjs/ai": ["@stacksjs/ai@0.70.90", "", { "dependencies": { "@stacksjs/ts-cloud": "^0.7.17" }, "peerDependencies": { "@anthropic-ai/claude-agent-sdk": "^0.2.79" }, "optionalPeers": ["@anthropic-ai/claude-agent-sdk"] }, "sha512-4lsR7fb8+3MBwi4KaLb237DN+ZjeM2FAHmi9hWC1PNSS9C5UOj4Rao+g/RUagXqIqpulkbI+k/D10rM02z8Rug=="],

    "@stacksjs/alias": ["@stacksjs/alias@0.70.90", "", {}, "sha512-hvBKjlMYPMVFIsN9W+Kni34jKAzjl0D0awAqPSMZx3lc/0t+kx0CBgMBZO88HKzPIIVSgbDUbjGZXh+HE/j0cA=="],

    "@stacksjs/analytics": ["@stacksjs/analytics@0.70.90", "", {}, "sha512-sULJozBgCxlSliPU3dg6KSW5fU+1mlar3fIOwiSpxnyDVj7sV2Omdsnn3w33rJFn3UutQ8yjiITLLmdEDRNZOg=="],

    "@stacksjs/api": ["@stacksjs/api@0.70.90", "", {}, "sha512-/5FCGkBeXGkEgaoWZGblYGR9gtumwFTew5tnXYWEi0E+Nu7CET8yyvPAKjeR1wX0Ioc9bITRHe4WerdNeis05g=="],

    "@stacksjs/arrays": ["@stacksjs/arrays@0.70.90", "", {}, "sha512-eMaTkPbohBH2eCyYKYpK23bxbZ9S6jVQXs6FRsHyPb8I74+Oz/CjlMXbcilvAfiWURN/Dn6m6NPR4HxoCW95hw=="],

    "@stacksjs/auth": ["@stacksjs/auth@0.70.90", "", { "dependencies": { "@stacksjs/ts-auth": "^0.4.3" } }, "sha512-7kn8b+ZPX6D3DrYgATV+ZhHnCWxvwm4poHkt7/sPFRkuhzp5Y/TMHuCPrain6iCV/ThFnddG6U5jgzvs9txieQ=="],

    "@stacksjs/browser": ["@stacksjs/browser@0.70.90", "", { "dependencies": { "@stacksjs/composables": "0.70.90", "@stacksjs/stx": "^0.2.82", "bun-query-builder": "^0.1.50", "magic-regexp": "^0.11.0" }, "peerDependencies": { "@stripe/stripe-js": "^9.0.0" }, "optionalPeers": ["@stripe/stripe-js"] }, "sha512-2B7nA5GdjBmR30Wajbs+Gg+PK7JgjaLntkCBWHzm5pqIoXk0ZCwi9fJrThiPvckIwjB367YHNuV1qzdJut3eZg=="],

    "@stacksjs/browser-extension": ["@stacksjs/browser-extension@0.70.90", "", {}, "sha512-F7oEbG8wcy2I5+jXZSyzSwxYaDJ24m674Vk4zMztmYAEi84KzqHGhp1XHDcFxoMlAZnkP6XZkzcIYXU7srhStg=="],

    "@stacksjs/buddy": ["@stacksjs/buddy@0.70.90", "", { "dependencies": { "@stacksjs/actions": "^0.70.23", "@stacksjs/ai": "^0.70.23", "@stacksjs/alias": "^0.70.23", "@stacksjs/arrays": "^0.70.23", "@stacksjs/auth": "^0.70.23", "@stacksjs/build": "^0.70.23", "@stacksjs/cache": "^0.70.23", "@stacksjs/cli": "^0.70.23", "@stacksjs/cloud": "^0.70.23", "@stacksjs/collections": "^0.70.23", "@stacksjs/config": "^0.70.23", "@stacksjs/database": "^0.70.23", "@stacksjs/desktop": "^0.2.82", "@stacksjs/dns": "^0.70.23", "@stacksjs/dnsx": "^0.2.3", "@stacksjs/email": "^0.70.23", "@stacksjs/enums": "^0.70.23", "@stacksjs/error-handling": "^0.70.23", "@stacksjs/events": "^0.70.23", "@stacksjs/git": "^0.70.23", "@stacksjs/gitit": "^0.2.5", "@stacksjs/health": "^0.70.23", "@stacksjs/httx": "^0.1.10", "@stacksjs/lint": "^0.70.23", "@stacksjs/logging": "^0.70.23", "@stacksjs/notifications": "^0.70.23", "@stacksjs/objects": "^0.70.23", "@stacksjs/orm": "^0.70.23", "@stacksjs/path": "^0.70.23", "@stacksjs/payments": "^0.70.23", "@stacksjs/realtime": "^0.70.23", "@stacksjs/router": "^0.70.23", "@stacksjs/rpx": "^0.11.13", "@stacksjs/search-engine": "^0.70.23", "@stacksjs/security": "^0.70.23", "@stacksjs/server": "^0.70.23", "@stacksjs/storage": "^0.70.23", "@stacksjs/strings": "^0.70.23", "@stacksjs/testing": "^0.70.23", "@stacksjs/ts-cloud": "^0.7.17", "@stacksjs/tunnel": "^0.70.23", "@stacksjs/types": "^0.70.23", "@stacksjs/ui": "^0.70.23", "@stacksjs/utils": "^0.70.23", "@stacksjs/validation": "^0.70.23" }, "bin": { "stacks": "dist/cli.js", "stx": "dist/cli.js", "buddy": "dist/cli.js", "bud": "dist/cli.js" } }, "sha512-CXaE7OvuWHSUm60KK+IOipHVZFgK+04n6SCnfWLRfWSqmoDW8MoF2iXgShQUET52cKYopyC6nJziaqRDDB/ngQ=="],

    "@stacksjs/build": ["@stacksjs/build@0.70.90", "", {}, "sha512-fcoevKV4Le3YOR/gsMMJkWSNQ629GvZLTHCIdhstMW1+hoU1VZPzE3mkZmw3UursI+h1i4a4gJnenoT+dWffXg=="],

    "@stacksjs/bumpx": ["@stacksjs/bumpx@0.2.6", "", { "dependencies": { "@stacksjs/clapp": "^0.2.0", "@stacksjs/logsmith": "^0.2.1", "bunfig": "^0.15.6" }, "bin": { "bumpx": "./dist/bin/cli.js" } }, "sha512-y4Jz8WKTJtes6/o1vsIbOeuIoqKItfnbeel94qrJKNKsY2CBzU3FT3YwKjs8K52JFfyACCdQa1tGx+lQWtpyTA=="],

    "@stacksjs/bun-queue": ["@stacksjs/bun-queue@0.1.2", "", {}, "sha512-Ath38XiORz7PNwQ2uBGwJqrltsUAicIOVyuid4Fs+rrRWvbboyVvzANNgDlLhGmU1OLYXe+/wdMSlR+OE7vjlg=="],

    "@stacksjs/bun-router": ["@stacksjs/bun-router@0.0.20", "", { "dependencies": { "@stacksjs/clapp": "^0.2.0", "ts-rate-limiter": "^0.4.2" }, "bin": { "bun-router": "./dist/cli.js", "router": "./bin/cli.ts" } }, "sha512-PwP5nPF2owS56HtpKB7o2WpCqcxaCrSbyFmjTTMOpj91gY6AzyC2xjjXKTxrP6wWF2WWuaj+SHODbthjMLJ5Rw=="],

    "@stacksjs/bunpress": ["@stacksjs/bunpress@0.1.13", "", { "dependencies": { "@stacksjs/stx": "^0.2.82", "@stacksjs/ts-cloud": "^0.7.10", "@stacksjs/ts-md": "^0.1.1", "bunfig": "^0.15.6" }, "bin": { "bunpress": "./dist/bin/cli.js" } }, "sha512-zkD6uKiENQL0yk7rWK5+VuUD0J4rRBXUvmuyIQlq65PCzvCjdZfnD8k+L4a01Vy5Dbml+jwS/3a4hviOgxcBaQ=="],

    "@stacksjs/cache": ["@stacksjs/cache@0.70.90", "", {}, "sha512-hPBDGPvnBGCKKxIVuPb/TDNYG7ZAmJaJFE9kfMVxUYUqPLJYVnDR7m5W9DzAy+63IoTuuQnuUILhNkUEQWkVVg=="],

    "@stacksjs/calendar-api": ["@stacksjs/calendar-api@0.70.90", "", {}, "sha512-gCgSxbzFNIlnhgGflHetSkHG2BvX60FajQDszPI1DpxKU4SAM7XZIhe308gm8iItrkJ+R3g3/JrQtarYg9Iy5g=="],

    "@stacksjs/charts": ["@stacksjs/charts@0.70.90", "", { "dependencies": { "@ts-charts/format": "^0.2.0", "@ts-charts/scale": "^0.2.0", "@ts-charts/shape": "^0.2.0" } }, "sha512-kqon4PM3LsChfe6x5K9RjNB56p4gc1Rnif5aSCODIuQoRkunSDxUrrbjxlZiyktZ0Ll8+qo1FbBchC7ZJ6Prpw=="],

    "@stacksjs/chat": ["@stacksjs/chat@0.70.90", "", {}, "sha512-x00oZqjJ4tV6g2JOudKlm9Qofbcakk37k5pxYVj0j5lPlBIq2ZLW4R+7ok3cqAY/qOPcPd0eenUUe2hgdzESdg=="],

    "@stacksjs/clapp": ["@stacksjs/clapp@0.2.10", "", {}, "sha512-l/2F0u5ihpae8R4kJ3Pdh6tV7aEpSxu6hCyafhw38Fl9+x2YKxZfUK+fF/G5AVwSzJar3dkKuMxbMcQ0PXKGRg=="],

    "@stacksjs/clarity": ["@stacksjs/clarity@0.3.28", "", { "dependencies": { "bunfig": "^0.15.6" }, "bin": { "clarity": "./dist/bin/cli.js" } }, "sha512-SElzGeDewEbp0c4C8PTfdvi/Xtr1HGAjG6b0prHvkVxyYGM+2R0BFU0otUmy+DbR7wsfZ4rNU3YN1+JK/CzoTw=="],

    "@stacksjs/cli": ["@stacksjs/cli@0.70.90", "", { "dependencies": { "@stacksjs/clapp": "^0.2.8" } }, "sha512-WtCmw5+zn7hkdELHeEc0LdQumkxuhT5xLi1aGxosZC0FvccG0gHqSrtnYCUwTEc+eGzuG+hk3YaA5a7Oh1HEFQ=="],

    "@stacksjs/cloud": ["@stacksjs/cloud@0.70.90", "", { "dependencies": { "@stacksjs/ts-cloud": "^0.7.17", "@stacksjs/ts-xml": "^0.1.0" } }, "sha512-Exoicp23vG6mIBa0nuIlYwnbq1yNargZp0hBtVCgts7gVhx7lLEiFbUtAdfky/CqfLOT7hy9scOYnR61uCbssA=="],

    "@stacksjs/cms": ["@stacksjs/cms@0.70.90", "", { "dependencies": { "ts-slug": "^0.1.0", "ts-spreadsheets": "^0.2.0" } }, "sha512-QuMd4ZNpggmEzMGsx0hOZKFQ/gpX+5+bkdGtiPSEIMOkUdqX7AHi4VHCL7A/YhXaBLE56ODm1iKelpbLiIV8Zg=="],

    "@stacksjs/collections": ["@stacksjs/collections@0.70.90", "", { "dependencies": { "ts-collect": "^0.4.3" } }, "sha512-yMiGQ7kuw+C9kgK+1/aqu01yzXUKUDxCOIYihkYm390aeCF5h7xYHG2Ccme7P44Ib1sJ6nFe5rHItGekhzUD4A=="],

    "@stacksjs/commerce": ["@stacksjs/commerce@0.70.90", "", { "dependencies": { "ts-spreadsheets": "^0.2.0" } }, "sha512-vOOKMbbxvinBREIsQswwqZ/f6Gas3uutqylj02f/GIXuuJpE75T1I6cTm7iUEcHKipYTr5m815HfCnn6EXzPYA=="],

    "@stacksjs/components": ["@stacksjs/components@0.2.98", "", { "dependencies": { "@cwcss/crosswind": "^0.2.6", "@stacksjs/stx": "0.2.98", "bun-plugin-stx": "0.2.98", "ts-syntax-highlighter": "^0.2.1" } }, "sha512-LAPtv2K7AarMWaQJ5Bx3+i+3kVQ1VPPHC1AMMXd47LXQnHxSMS16nCxGl4C58U2i77ro2qg1c9n6s7X86XYGyQ=="],

    "@stacksjs/composables": ["@stacksjs/composables@0.70.90", "", { "dependencies": { "@stacksjs/datetime": "0.70.90", "@stacksjs/stx": "^0.2.82" } }, "sha512-kihRWHQ2ZK9xVZUjFOve3W2FwRQKOs+JhFkSrzeW3pBjBfMhXvM2rGkqRkCBU314Jf+NclWqZ9vouxKAs9x33A=="],

    "@stacksjs/config": ["@stacksjs/config@0.70.90", "", { "dependencies": { "ts-pantry": "^0.10.11" } }, "sha512-Liv20iAFghi8X2KY1CQTtFtwK/AVf33ebyEBgMud1FeXEiPjQw6IwBQV5jmwdZOP5UFCnOlaXEhwSoBmfirDpg=="],

    "@stacksjs/cron": ["@stacksjs/cron@0.70.90", "", {}, "sha512-0pZwlWWxDSP3D8K586GwMmpxalR8e/dII6JA74FoL9Bg1T/v1ovWl8ihuXj6lqpKS0Mns/7R7HO7EfwMoOgtvA=="],

    "@stacksjs/database": ["@stacksjs/database@0.70.90", "", { "dependencies": { "bun-query-builder": "^0.1.50" } }, "sha512-jE54J64/b7p3RQ/sM8OfU9LrZte48YZNsMEm1kga1fWCmwZjKrR1Myj03fcyUw1UBN1K0+PBExmhciXVZoSVgA=="],

    "@stacksjs/datetime": ["@stacksjs/datetime@0.70.90", "", {}, "sha512-3jZHCkqkHKUrENltGAq+jYfXWgvtKZHcXIzjSoyZEmCXgxOYxqye3oWoSR1+ItbvAyi2Aslal8C2XnSrSw8nWA=="],

    "@stacksjs/defaults": ["@stacksjs/defaults@0.70.90", "", {}, "sha512-z68JOdX9fMjxwXL+x1Q4FkEzpCB27q59kJ7oFyjc1kbeeJ0o6z4TiSelT4OQ2JOSkLrcl1zuFGP61xrQQ/QeKQ=="],

    "@stacksjs/desktop": ["@stacksjs/desktop@0.2.98", "", { "peerDependencies": { "craft": "*" }, "optionalPeers": ["craft"] }, "sha512-sphhdkRjVg/glEYO5jYMQi1Ea7GCYWVTHM7PxGBS1AVy8c+us9xRP77id2Cntpasr5EBnTag1BoNWNMkYERI7g=="],

    "@stacksjs/dns": ["@stacksjs/dns@0.70.90", "", { "dependencies": { "@stacksjs/dnsx": "^0.2.3", "@stacksjs/ts-cloud": "^0.7.17" } }, "sha512-VbxKEH88XTB7mK3k0So0kcdnbCfycVWm89hW5z7W01qCMcNjXpTbN0rv6/Ny+1Wk6d0OLewWHYzuJJMnxCdzdQ=="],

    "@stacksjs/dnsx": ["@stacksjs/dnsx@0.2.3", "", { "bin": { "dnsx": "./dist/bin/cli.js" } }, "sha512-KoubPLapgNSEOoTJNEL3BV1WIhSHz70Kzyf2i2EM9ZViaNOeHrUOIwG8qRX9D+L/5Njh45LmAG+vwkaJalD1ng=="],

    "@stacksjs/docs": ["@stacksjs/docs@0.70.90", "", { "dependencies": { "@stacksjs/bunpress": "^0.1.12" } }, "sha512-vGZDJjvcac91gm5JImtLkXl/PgMF4+JE+EYpxSfXJ0gbAQFr6NK1yey9pY7HopXCA3eF9JTOzaopKSq7DgpFxA=="],

    "@stacksjs/dtsx": ["@stacksjs/dtsx@0.10.8", "", { "dependencies": { "@stacksjs/clapp": "^0.2.0" }, "bin": { "dtsx": "./dist/bin/cli.js" } }, "sha512-5sNpuD7KspcK5OfQLnGVGU5XyaxxuCZM57OXiyy3PJjBB54U7pHErDzv44fXo0LX0HvAUO4uuI4jzRr4kye0XA=="],

    "@stacksjs/email": ["@stacksjs/email@0.70.90", "", { "dependencies": { "@stacksjs/ts-cloud": "^0.7.17" } }, "sha512-/7KjQ9We+DRhUf8x88PP46Tw2mnNNG4NGLNC2gbbqwmp/kMMDnbXGpKYXLbl8QYPhqapL7xLGFbLm4HKjCJSDw=="],

    "@stacksjs/enums": ["@stacksjs/enums@0.70.90", "", {}, "sha512-3iXarTZX2oFl1n62xIEsxu4qfoJPojtU3ogqbUYAXNO2E/c8iUcbf8ufED1Md4oxBHMedhmX92ZbYNXLJ52iKA=="],

    "@stacksjs/env": ["@stacksjs/env@0.70.90", "", {}, "sha512-XvL71KdFcQQ0UcDkU8rHdZ8PguVQJ93u442yJzJvhFHqfda+ILexyqm/PDX70aOhwrBP1hoffbGGeGwhRFX3mA=="],

    "@stacksjs/error-handling": ["@stacksjs/error-handling@0.70.90", "", { "dependencies": { "@stacksjs/stx": "^0.2.82", "ts-error-handling": "^0.1.1", "ts-syntax-highlighter": "^0.2.1" } }, "sha512-8qYkm9Ya03iywn7YYkCELVgeTn6KM0PxC67wZnUbDWH6XcMIFW/L11WTnIuwSvu7c+gyaRAUF/EQepqZJL36Ew=="],

    "@stacksjs/events": ["@stacksjs/events@0.70.90", "", {}, "sha512-LiqZvAUdJ+1qZDDhCAWGfFRAPDJGpfR1OOEd6duNlmFGJcrz5TkUX6gfhZ9/z+EefkPlCLnhK+bTvykmsnsruA=="],

    "@stacksjs/faker": ["@stacksjs/faker@0.70.90", "", {}, "sha512-rXbgrGNWnZM0CfbLM+23mokb/vjrxea06YuROnPWyrao1Ag6SgYKTVdPFlrB8ffiQ/CIFdHgff4rgWtgDxjWPg=="],

    "@stacksjs/feature-flags": ["@stacksjs/feature-flags@0.70.90", "", {}, "sha512-Vhu4afLHtiUN7QSowBEmMnS9K8HkC2gpIDyTXUuJhzNP16x1o2WZt7QvJolQfbk5K82Q+3q2vvufbs9Y+qmfUg=="],

    "@stacksjs/git": ["@stacksjs/git@0.70.90", "", {}, "sha512-lxESSkBfio9ApQ/9bmcUYlzq+jElcMXHCwU+L+88D3AoSAR/BNJBi3MhZvgAwpNzTi6IbpLjHXx7NoGVbCbW/Q=="],

    "@stacksjs/github": ["@stacksjs/github@0.70.90", "", {}, "sha512-EoYb+rS5940P5IgKbHPESfku2FHt5n3sbt8ITAcIpqEnTOUd9V3kl9MEM0Q1EKDGYSTh2XLV+2vB2jengOc3+g=="],

    "@stacksjs/gitit": ["@stacksjs/gitit@0.2.5", "", { "bin": { "gitit": "dist/bin/cli.js" } }, "sha512-HI9L1EsWTXG4JxqMlEjujDWovH5UnYqP6Uv9Pll74+vLGEH2OK6FRfarNQgRHBkMyzBx2fjutAHOXrPSCTN8eQ=="],

    "@stacksjs/gitlint": ["@stacksjs/gitlint@0.1.6", "", { "bin": { "gitlint": "./dist/bin/cli.js" } }, "sha512-A4MTsddeWHEhz0mLKq+P/CqHxmWv4SWhrmWotP1UMtVbGlpYs/q+bwqrFyThT6L9xMR8iWKGVTV908oS6QDeNg=="],

    "@stacksjs/health": ["@stacksjs/health@0.70.90", "", {}, "sha512-nZ0MrxEjFVeTL+pEpt4/LzQewqGZ+EHHmthZO8Oio6SXBIxafjg6E+0lWhD91V/ym0D1NhCyYv482oa4KgjNgw=="],

    "@stacksjs/http": ["@stacksjs/http@0.70.90", "", { "dependencies": { "@stacksjs/httx": "^0.1.10" } }, "sha512-vkuMs85MYKDLtvj96dQTxcd8QMU4Wa0tvnhryAA+6vLCgnzv90qp9ocf543KKG564dIOuWHUiNaidjrUYdQsiw=="],

    "@stacksjs/httx": ["@stacksjs/httx@0.1.11", "", { "dependencies": { "ts-error-handling": "^0.1.0" }, "bin": { "httx": "./dist/bin/cli.js", "http": "./dist/bin/cli.js", "https": "./dist/bin/cli.js" } }, "sha512-7Ml5D1NpTl4qadeNNFh0CFXjNnv4rb1+9d2MC159FElVo3SbAGWGpobSnwrjg/SZK10rc9mpeOU3l2LPqvJ9uQ=="],

    "@stacksjs/i18n": ["@stacksjs/i18n@0.70.90", "", { "dependencies": { "@stacksjs/ts-i18n": "^0.1.9" } }, "sha512-mIE7LIwAPiTMdqlnicpGpjMdPqnGDr6x0fxTDzolo8FNk7SS3Mj9XdtyRzGlLNfElQtCYNp3TdkOKQPznjHo/Q=="],

    "@stacksjs/lint": ["@stacksjs/lint@0.70.90", "", {}, "sha512-EiHmPWeyYuLzlp6y6CZ9ET/a1GOmbzTXNxUqtUadBfY9QoBcAL6e+1dKv3cQhRk1Qp5aBBlwEMiRXedrCXkfYw=="],

    "@stacksjs/logging": ["@stacksjs/logging@0.70.90", "", {}, "sha512-xKNMEv45bCS2UcnSrRwwFoi3JjGAPUQBxqaI65FcptsME9Bhm6XkBKn4mOAv/0yEcrx/VDTYY/wkGG+iIxr7fg=="],

    "@stacksjs/logsmith": ["@stacksjs/logsmith@0.2.3", "", { "dependencies": { "@stacksjs/clapp": "^0.2.0", "bunfig": "^0.15.6", "pickier": "^0.1.9" }, "bin": { "@stacksjs/logsmith": "./dist/bin/cli.js", "logsmith": "./dist/bin/cli.js" } }, "sha512-Jy2AHVdEQwDtjlOVSG4xOmIMSy/D2iZcPK7KaoDOmKfZbMmfmbhveK16w1TWKCY9duhMZigdpeFx39ZzXGARVg=="],

    "@stacksjs/newsletter": ["@stacksjs/newsletter@0.70.90", "", {}, "sha512-V1lmvHcXvtNHZd92jFPOZiYysPuPIKfvSBc1yAA6Ye9tBNRTIPW/nqInxEuj0y7OIYmEP2VHGFmqnB+mH2rgaw=="],

    "@stacksjs/notifications": ["@stacksjs/notifications@0.70.90", "", {}, "sha512-g15o4TaTGYUnhtPEo0l7FgLNjyJ/xjmKiz4dmNrqU6aXTfTS3XblVPR7L1FTPrBNBKw7gWijiCGAejG5jBihbA=="],

    "@stacksjs/objects": ["@stacksjs/objects@0.70.90", "", {}, "sha512-zDXP7EKIKWPMJlYkr9PXKS2fHU1NZhlVHTSzDmzBoExAeSnQ9+shloYHUO9gxonWtlg3DsdTU6rVvDWN/oQ0QA=="],

    "@stacksjs/orm": ["@stacksjs/orm@0.70.90", "", { "dependencies": { "@stacksjs/ts-validation": "^0.5.0", "bun-query-builder": "^0.1.50" } }, "sha512-pQ4HsLnYEs0RTATP/j+iPetnFb9j7FwgWb2ycRdWjGT19r3RbKgUycX5cCEJYmIYQTmGvzpTrQ1PL+8QD+/erQ=="],

    "@stacksjs/path": ["@stacksjs/path@0.70.90", "", {}, "sha512-KUbLXA4xJT4u96YhQ20MmzNnUnizroIEmXIEJ2TC0190c+Ca3f4aZ++sOJ3lX31CPbsJsT+4Z6lymXG875x+Bw=="],

    "@stacksjs/payments": ["@stacksjs/payments@0.70.90", "", { "peerDependencies": { "@stripe/stripe-js": "^8.7.0", "stripe": "^21.0.1" }, "optionalPeers": ["@stripe/stripe-js", "stripe"] }, "sha512-EncQ2s3NfM6mj2OrWSvgWznY/P8MqaoQjiXE8M0Bofg3EhWF6liSm/5A1LndIZxaKP5yi6s2ytPgez4W8Jt6pA=="],

    "@stacksjs/push": ["@stacksjs/push@0.70.90", "", {}, "sha512-i7O5BKHFjPmu3xsrEv0RrMoLFnACQL9C1jHtAbmbZ/TbI/T7Ao6yogIsnIcJaWf9dwGENQYx9xcB4jp8Cjrasg=="],

    "@stacksjs/query-builder": ["@stacksjs/query-builder@0.70.90", "", { "dependencies": { "bun-query-builder": "^0.1.50" } }, "sha512-xNcl5/ZcmFrqEQ88RV3lSdu9P2YRUPXCYxTnwsCaNFcjpT3QQc9EF2ez0h3A/aXdNtmHLqf/nMVAXZci6zwH+Q=="],

    "@stacksjs/queue": ["@stacksjs/queue@0.70.90", "", { "dependencies": { "@stacksjs/bun-queue": "^0.1.0" } }, "sha512-0Gux3hz9S+8Ml2yDX502I7r25fAPoMrdRsQFwASZKrrK2GmVeCO6UeuTUR/ZQxaNAkTTif2iMsT5Lbkwx7yj9g=="],

    "@stacksjs/realtime": ["@stacksjs/realtime@0.70.90", "", { "dependencies": { "ts-broadcasting": "^0.0.8" } }, "sha512-7QCYrvpWpBcM8Sl+fnGBPwIhbhttkfcK5jvye5WjPfQZF7TC7kiPayQhilgj0wS32A4zUvYJxHjcwQCzZtzoFg=="],

    "@stacksjs/registry": ["@stacksjs/registry@0.10.17", "", { "dependencies": { "@stacksjs/stx": "^0.2.82", "@ts-charts/array": "^0.2.0", "@ts-charts/format": "^0.2.0", "@ts-charts/path": "^0.2.0", "@ts-charts/scale": "^0.2.0", "@ts-charts/shape": "^0.2.0" } }, "sha512-zSw13Kau1MbQOv00+MohS/bagMX1onMOQSeAddviFgoXIiq8BKoSTFjwyTXbIAIxetQAjGW+1/OkpzQ++zRBEQ=="],

    "@stacksjs/repl": ["@stacksjs/repl@0.70.90", "", {}, "sha512-66IigBf4RHoDY4okTABNvvI98jxVwGDm7bqbAwQ5VVfSm3ZAILkPGpn50WwyHMw0EevAk3/OHmHATOKS8Rsy+Q=="],

    "@stacksjs/router": ["@stacksjs/router@0.70.90", "", { "dependencies": { "@stacksjs/bun-router": "^0.0.20" } }, "sha512-jS2NbAm/B1H5amJRY/SGLs3CP5yA0PsxeduqhJonqwvaiGmSMOdcbDxQ1poYTfi99/r5Yw2FaUveyMtp6dYTkw=="],

    "@stacksjs/rpx": ["@stacksjs/rpx@0.11.28", "", { "dependencies": { "@stacksjs/clapp": "^0.2.10", "@stacksjs/tlsx": "^0.13.9" }, "bin": { "rpx": "./dist/bin/cli.js", "reverse-proxy": "./dist/bin/cli.js" } }, "sha512-ZruwNlsZ6uspV/d1RJrvbiv+W0XDCMdWkr/AqeRuWPJ/yvPCvk8EvRdcNzP1+GWXXLgOwWVfgx+j1uN8BdR/qg=="],

    "@stacksjs/sanitizer": ["@stacksjs/sanitizer@0.2.98", "", {}, "sha512-HZfDPxt36s6lq7YRUsKOCO+kAU/BCJ/9vdiwqxVAQDrm6ixXyctlMkip/c7UcEMHa9yymjsiEO8wQxKVpyVrPQ=="],

    "@stacksjs/scheduler": ["@stacksjs/scheduler@0.70.90", "", {}, "sha512-xkCYm9kGnEatQbf6xDWF1JHFZX+hvLFB9ZnzOKaj5SWPskvTVb5GX+yrW9kFjYUZ/0dOn9hvDlKWUqR1sG99gw=="],

    "@stacksjs/search-engine": ["@stacksjs/search-engine@0.70.90", "", { "peerDependencies": { "meilisearch": "^0.59.0" }, "optionalPeers": ["meilisearch"] }, "sha512-0GH+R1UYOcSCPUZZw9aCs2CsTzC1p5JXmfQs2v9fXU1+27z7DlLHOEGnmEKYSQnh8d7lW7D/f//gML3cOB3p8Q=="],

    "@stacksjs/security": ["@stacksjs/security@0.70.90", "", { "dependencies": { "ts-security-crypto": "0.0.2" } }, "sha512-SmtDG8RF/R9Hl5uzcuBjhC6gt+5Q8W2bL/d/ZFQhr+aUT2sE48NmfVTb5LwDLKHgCMeAhmwU6nIPdvL67i2MxA=="],

    "@stacksjs/server": ["@stacksjs/server@0.70.90", "", {}, "sha512-g1/F4yoVSBKIHIE95TRWRcm12zte/JlJKG3gwG/ciDjQEXXC1NXSJ6/vHa8qreq3xNA6EqTKJ2tkOSl+6N8FWg=="],

    "@stacksjs/shell": ["@stacksjs/shell@0.70.90", "", {}, "sha512-AyWMlvdUq2f5LD4Q8o22wZKyhUDQCkriDF5wcxjVGFvT6Np0kIE0JjXuVFHOW/PUKrPkKEhYcTlku6Q9OS4FLA=="],

    "@stacksjs/skills": ["@stacksjs/skills@0.70.90", "", { "dependencies": { "@stacksjs/path": "0.70.90", "@stacksjs/storage": "0.70.90" } }, "sha512-hod0ILER17Ag8oIwdz0hvK+J05Gy53Yf/+ULzRL763BzdA68nKjcSGKzBatsvJ86faR9wqzAXPpYwnwygwZBlg=="],

    "@stacksjs/slug": ["@stacksjs/slug@0.70.90", "", {}, "sha512-LI1EAUOrVjaXJ/RydPmvcw/wiBhTzlUmIimHMzOwfIe6K29v45FWwyJn9AN9W6cY2K29QrqBos8g6G5+2SJUGg=="],

    "@stacksjs/sms": ["@stacksjs/sms@0.70.90", "", {}, "sha512-gg3HsJ2JRjo4eW3zH7vZ/ydp7ytnOGeo0IDUlT+aWa+R/xcLXZJMZuYsNTpR6Q+I0tPOHkebRQDOtjjvIPN7Ow=="],

    "@stacksjs/socials": ["@stacksjs/socials@0.70.90", "", {}, "sha512-nFHCqJRTBCGlzxiDtAqohxqH1dHiF3uHfMDUsJYKk5Y6H4V5CmhZjRmZaIiKstJWQcuf3NOG8HNI1o+pmnzP8g=="],

    "@stacksjs/storage": ["@stacksjs/storage@0.70.90", "", { "dependencies": { "@stacksjs/ts-cloud": "^0.7.17" }, "peerDependencies": { "sharp": "^0.35.3" }, "optionalPeers": ["sharp"] }, "sha512-LhzBOqCO/53XAEnZYBQV8Hpj7TGUPqkNQl8yEUmH3dX0p9evUAFwmh+D7urX/JVb36TReOsK7Anjp1TTAMDm+w=="],

    "@stacksjs/strings": ["@stacksjs/strings@0.70.90", "", {}, "sha512-Ut/7DZ6F7/zYxfKSpCFA2oiHcx+u8b8o5xBNu+gzN64Le19v4ReupYQfdOEZZmH7c5q1eEKlTyhSgt+fYytwyA=="],

    "@stacksjs/stx": ["@stacksjs/stx@0.2.98", "", { "dependencies": { "@cwcss/crosswind": "^0.2.6", "@stacksjs/clapp": "^0.2.0", "@stacksjs/sanitizer": "0.2.98", "@stacksjs/ts-i18n": "^0.1.11", "bun-plugin-stx": "0.2.98", "bunfig": "^0.15.15", "stx-router": "0.2.98", "ts-broadcasting": "^0.0.8", "ts-images": "^0.1.9", "ts-syntax-highlighter": "^0.2.1" }, "optionalDependencies": { "@stacksjs/desktop": "0.2.98" }, "bin": { "stx": "./dist/cli.js" } }, "sha512-00mfAyV2l4ehYG4I3iAev5V4vZv7+RaGh96OTNsBlv5sv0N07y9QoyiTelrXHTrmABmk7BQVdnO2tq0QbYz6Qw=="],

    "@stacksjs/testing": ["@stacksjs/testing@0.70.90", "", { "dependencies": { "@stacksjs/ts-cloud": "^0.7.17" } }, "sha512-JNID9A4eCR84a3iapFh5wQgbgd64nDFzP7wEHnGwUtyeG7TISYss2pov84X99Qjw5HSvZakIUaFUxeRNF27mlg=="],

    "@stacksjs/tinker": ["@stacksjs/tinker@0.70.90", "", {}, "sha512-mg/q+k/VboyuSlw5IKvZWjfw2mWplLl5RpAD2IQcsCtKHZl6cC299eVqfFurtesWzcJNXQWHvzHQ+t1ifUX9fw=="],

    "@stacksjs/tlsx": ["@stacksjs/tlsx@0.13.11", "", { "dependencies": { "@stacksjs/clapp": "^0.2.0" }, "bin": { "tlsx": "./dist/bin/cli.js" } }, "sha512-5/ikJDYKEVStsi89ctrWibExW/gsMFT1Hww9E3p3Uze4YtSpipf/uKJJ2GtBs53B19dWlS83YnfmWp8HQKUf4Q=="],

    "@stacksjs/ts-auth": ["@stacksjs/ts-auth@0.4.3", "", { "dependencies": { "bunfig": "^0.15.13", "ts-rate-limiter": "^0.4.1" }, "bin": { "auth": "./dist/bin/cli.js" } }, "sha512-NZRJUOzt1f5za+Bg2aGcItS+zfEpm3a70Ql8WsLwsjyYjteLOUtrxObavGGSIiDi4sz8cP114QkCHbsWjmr2tQ=="],

    "@stacksjs/ts-avif": ["@stacksjs/ts-avif@0.1.2", "", {}, "sha512-IJWjCZbRoJANEFXw/ioD8k3Ii71HKn5Mwc1/kNWONwMEgue65vEo8HtCJXHlbI+XgOpXUlVULJw8U0wfampYGA=="],

    "@stacksjs/ts-bmp": ["@stacksjs/ts-bmp@0.1.0", "", {}, "sha512-O02r5q35OaoLRkTLOcFCylQzY3Oeji6QebdzLBfuWt77MoS/gY/4igY53N++pUjA4uS34cHHd/P651LlCKoBeA=="],

    "@stacksjs/ts-cloud": ["@stacksjs/ts-cloud@0.7.27", "", { "dependencies": { "@stacksjs/ts-xml": "^0.1.0", "@ts-cloud/aws-types": "0.7.27", "@ts-cloud/core": "0.7.27" }, "bin": { "cloud": "./dist/bin/cli.js" } }, "sha512-WEyKYTaHfGfD9WzTjL5/z4zKO8QDzlyXDcHu8QFEGNJDIyIuZSQoMXPWgeTOKmkun6oODvzrfdkbhWBpnHlVIQ=="],

    "@stacksjs/ts-css": ["@stacksjs/ts-css@0.1.0", "", { "dependencies": { "bunfig": "^0.15.6" }, "bin": { "ts-css": "./dist/bin/cli.js" } }, "sha512-373WvzZeXdqwi6lRwyfr05r3KOtbo4QXWPhmoGFI6NSa5ZcUEiyYJGL2KsV9mfQNTsBp+0q3wPnj1EQ/1zuieg=="],

    "@stacksjs/ts-faker": ["@stacksjs/ts-faker@0.1.8", "", { "dependencies": { "@stacksjs/clapp": "^0.2.0" }, "bin": { "@stacksjs/ts-faker": "dist/bin/cli.js", "faker": "dist/bin/cli.js", "fake": "dist/bin/cli.js", "mock": "dist/bin/cli.js" } }, "sha512-YEOIr9mlMeXodcl8FmX3Rq7fqZDcubi7nwdl7lCKr682GIimOQjdN8miQmVEgbBYlpwP1cOn8eO6DhVotMwWnw=="],

    "@stacksjs/ts-i18n": ["@stacksjs/ts-i18n@0.1.11", "", { "dependencies": { "@stacksjs/clapp": "^0.2.9", "bunfig": "^0.15.6" }, "bin": { "i18n": "./dist/cli.js" } }, "sha512-33FM0gKdxBy6EUsUZLGAMe0D7QUZ4f/BQXRsQIyzkZgs2+juruUTevPuJGCjWSZsgJuiaBfEJn8Oq8ctuo1OWQ=="],

    "@stacksjs/ts-md": ["@stacksjs/ts-md@0.1.1", "", { "bin": { "md": "./bin/cli.ts" } }, "sha512-kvsSg7S3vHq65fnHIRggTLudN4n1sjkos86xLB62V6PVRa8iosYAmFKVDTGaJk+0MdsIoRwQbJ2vLWVcNQsgGw=="],

    "@stacksjs/ts-png": ["@stacksjs/ts-png@0.1.7", "", {}, "sha512-ZMYPpbt6kL1HlhazwoRMUer9e24sPA6KgK6wZEAHp/+XgPbOdtTSXJn4n0JPW/pI3AChqx1+85zyZujj4Yh4tg=="],

    "@stacksjs/ts-spell-check": ["@stacksjs/ts-spell-check@0.1.0", "", {}, "sha512-GnrxhHh606U6e0uPoUfbyh3sWI2VCtj6IwtSS4ik8Jz7vF11WFZ4qeCnXlUSZXLLlk0ukcdpilZr4girmx7PbA=="],

    "@stacksjs/ts-svg": ["@stacksjs/ts-svg@0.1.1", "", { "dependencies": { "@stacksjs/ts-css": "^0.1.0", "@stacksjs/ts-png": "^0.1.2" }, "bin": { "svg": "dist/cli.js" } }, "sha512-jG/DC3JaWEvblsrl3X1mVFPZY+1+DEtt9ypWXuXHyWyud+CaD/MQdGRypJbRyLrT03HWx/x6TG9UOzh7GDaing=="],

    "@stacksjs/ts-validation": ["@stacksjs/ts-validation@0.5.2", "", {}, "sha512-2I6klAbujib44rAO7b88IYFJF0cUlfwgLqBolY7oAjnEWuV0Sm0qU3obtU0VudTsNxBTgdWX2LnFnrUVcYof6w=="],

    "@stacksjs/ts-webp": ["@stacksjs/ts-webp@0.1.1", "", {}, "sha512-Sa6hqnFD7cj+jahJRRllZL5UpYzj6Wu1Euz3JnFzMYqKv7wGY/7W1RXOpt0Wp+E0Qi12c+aJ241tCt79Es/kxA=="],

    "@stacksjs/ts-xml": ["@stacksjs/ts-xml@0.1.0", "", { "bin": { "bin-name": "./dist/bin/cli.js" } }, "sha512-YB7FSlFcPqopUOmjK1Qqr5E6QaarerIFJzWfUXOO/EuR1qX+IRRKxOKbWRmCvN72Mnchz8EfXhlvxEK+Zz/mQQ=="],

    "@stacksjs/tunnel": ["@stacksjs/tunnel@0.70.90", "", { "dependencies": { "localtunnels": "^0.2.7" } }, "sha512-FN1LMl6O8fufunlLoYNsRmoSvK32xyrSJ/cS3e3P07KqglcmjNwMdOrtNZzFLHyFiCnhbfEOrYW/F4KMdij4vw=="],

    "@stacksjs/types": ["@stacksjs/types@0.70.90", "", { "dependencies": { "@stacksjs/bunpress": "^0.1.12", "@stacksjs/clapp": "^0.2.10", "@stacksjs/ts-validation": "^0.5.0", "bun-query-builder": "^0.1.50" }, "peerDependencies": { "meilisearch": "^0.59.0" }, "optionalPeers": ["meilisearch"] }, "sha512-faXJlmTPIgsBvtoQ7mCvC1AMC4vP/iMivephh7EBQpcbZzywTWq6zGbXSVU+aKUmjuKiI8Osg4VYqxVnqr3Tuw=="],

    "@stacksjs/ui": ["@stacksjs/ui@0.70.90", "", { "dependencies": { "@cwcss/crosswind": "^0.2.6", "@stacksjs/components": "^0.2.82" } }, "sha512-1TpTM1i1//fVeD4UKm6GGYlAU3161tM8jxeAfWrCvwji2VV24b/wBU2GoUf3UIMCzC4Ctx2ETv9vYvIYl/Y8TA=="],

    "@stacksjs/utils": ["@stacksjs/utils@0.70.90", "", { "dependencies": { "@stacksjs/browser": "0.70.90" } }, "sha512-G5jLLOm4YgW68IFitm677c/PJb/0yUbOyONG1Q7GjHnq8UZToexKtY7XZyD46HCr4h3ZbfkOD7VOXElfmx8sXA=="],

    "@stacksjs/validation": ["@stacksjs/validation@0.70.90", "", { "dependencies": { "@stacksjs/ts-validation": "^0.5.0" } }, "sha512-bPefyjfFhxX3jmTjoYEEGsTA61Mbf7ilGjf06XYY75tpPnP0E2VA8uYSEA3/uOfPOOeAaF/iQrbI82HS9bqiQg=="],

    "@stacksjs/whois": ["@stacksjs/whois@0.70.90", "", {}, "sha512-qMDiEkKmT8UgteITNrJweS4dFZsTuMUg5x0VNKtvtHbZYcvegkUeTGSXVxdHSFEthOy+vUN64ZvzSh0FAvvF+w=="],

    "@ts-charts/array": ["@ts-charts/array@0.2.2", "", { "dependencies": { "@ts-charts/internmap": "0.2.2" } }, "sha512-N5sisuAJ/y9tasGSHkPTVbgBt0ys/XFIvB5gwnvNbX0xFdkE2+TCJ25oaebAZcYRe5KXyjQVDbubakIZ3+Sg0w=="],

    "@ts-charts/color": ["@ts-charts/color@0.2.2", "", {}, "sha512-/0Qx4rFEADd9AoTb8s7pkQpo+fH+WwDGWdU2jg9HH2ezxZ4Z4p/KjN7vDH3Sr1Dz97unoxp2jS6lTnYf3mJAuQ=="],

    "@ts-charts/format": ["@ts-charts/format@0.2.2", "", {}, "sha512-GI+cdSo7eR+gOW68Rr6EuO7IYJqvawaRKs8oP52m7mk08kSVDm3qOoCmtfYq9zH+9eZfO/1vWHW5Lt/mruXX4w=="],

    "@ts-charts/internmap": ["@ts-charts/internmap@0.2.2", "", {}, "sha512-pmqDE1LXcpilCS2qGUPv22zt1Mb4ddEUB4D9m82ieYfPp59xR9XmAK8Y3nxdB/vnnIGpKx8R/MygsIOEJeNx0A=="],

    "@ts-charts/interpolate": ["@ts-charts/interpolate@0.2.2", "", { "dependencies": { "@ts-charts/color": "0.2.2" } }, "sha512-q9T2/wWjf2WQ8gc4syr1vcEfnxjvucbwbts57zqmp6zfHtjWUcFzTLG6dxHcNQmReuXVWHS+8JdtiqnCqCtAoA=="],

    "@ts-charts/path": ["@ts-charts/path@0.2.2", "", {}, "sha512-496+fVb9PTJRfSa2trZOHKcSE+RaqmpeRGGH7GkBUJ40FjBKNoeGhDt2TV2KPNwD+8aGVBJnU0JzVUbbikpg8w=="],

    "@ts-charts/scale": ["@ts-charts/scale@0.2.2", "", { "dependencies": { "@ts-charts/array": "0.2.2", "@ts-charts/format": "0.2.2", "@ts-charts/interpolate": "0.2.2", "@ts-charts/time": "0.2.2", "@ts-charts/time-format": "0.2.2" } }, "sha512-EzMSXJ0rMNCDlQUtmW84XiYn2xgQN6dDKmpPz+ezBQcktmRL/2jAJUpiJtGdEzzZ1xggsIix4myROUTzd/FC/Q=="],

    "@ts-charts/shape": ["@ts-charts/shape@0.2.2", "", { "dependencies": { "@ts-charts/path": "0.2.2" } }, "sha512-5S0Iz3LSCDqMCQMM5ctO813F3FJQfBau21DGmVJW0+iT5zQjgyX5tTR6SDq8VOhfM0ridd6b03wPfiCrAIVFjQ=="],

    "@ts-charts/time": ["@ts-charts/time@0.2.2", "", { "dependencies": { "@ts-charts/array": "0.2.2" } }, "sha512-UooMz55Ad8v15C9x6WUvBcWDcm142CqSRXUxV2NRWflfyay9ZsnwZemclbTdUfgwJqz0uOFA3uMSCuLZ0I8oDw=="],

    "@ts-charts/time-format": ["@ts-charts/time-format@0.2.2", "", { "dependencies": { "@ts-charts/time": "0.2.2" } }, "sha512-BmEEgtr0An2BDRWLpFh7n75xmBsPWszniM6f99JoZ9DjSKn4D4tOIQZdd94QYKLjOrpZwv0igvh9akCiCTwsrA=="],

    "@ts-cloud/aws-types": ["@ts-cloud/aws-types@0.7.27", "", {}, "sha512-EVikpfmnuSX5Zlr7K6iTFI6KFP+h/BM6rODeAeoZdT7Ev7MQ8yd/OuD5ZUsML3FIYUIDsj/di3pT/j/Wc1oS6g=="],

    "@ts-cloud/core": ["@ts-cloud/core@0.7.27", "", { "dependencies": { "@ts-cloud/aws-types": "0.7.27" } }, "sha512-yKbxSnf04xCtKuA1AecvLQzrZBiGObpcXcO3cOnEcWVCZztRk60xsQfebKqg/CWdKQ42my41Bp2WgFHZ7V+Sbg=="],

    "@types/bun": ["@types/bun@1.3.14", "", { "dependencies": { "bun-types": "1.3.14" } }, "sha512-h1hFqFVcvAvD9j9K7ZW7vd82aSA+rTdznZa+5bwvCwqSB1jmmfLcbIWhOLx1/+boy/xmjgCs/OMUL8hRJSmnPw=="],

    "@types/node": ["@types/node@26.1.1", "", { "dependencies": { "undici-types": "~8.3.0" } }, "sha512-nxAkRSVkN1Y0JC1W8ky/fTfkGsMmcrRsbx+3XoZE+rMOX71kLYTV7fLXpqud1GpbpP5TuffXFqfX7fH2GgZREw=="],

    "@typescript/typescript-aix-ppc64": ["@typescript/typescript-aix-ppc64@7.0.2", "", { "os": "aix", "cpu": "ppc64" }, "sha512-MTKKkWB7p/0E9xi1d1tHtZ5PiLkGEMIq88pK2CubZjOsLtYTLqhgIgi6zepFa+9GHZ6h05NMCkQxGKiPXMxXtQ=="],

    "@typescript/typescript-darwin-arm64": ["@typescript/typescript-darwin-arm64@7.0.2", "", { "os": "darwin", "cpu": "arm64" }, "sha512-gowzar9MwS/aRWp6f3a4KUqzRjAZjOsmGNCM6LcTgXum+dBfgsBVMN+AgvOCCbguXyick6LJhpBszxMebJ8syA=="],

    "@typescript/typescript-darwin-x64": ["@typescript/typescript-darwin-x64@7.0.2", "", { "os": "darwin", "cpu": "x64" }, "sha512-SZ9xZInqApNlNGc9s0W1VSsktYSOe9cFqNOIqmN1Gs8SmkjKZYFt017G4VwPxASInODuAdbTW7sXiFUf893RgA=="],

    "@typescript/typescript-freebsd-arm64": ["@typescript/typescript-freebsd-arm64@7.0.2", "", { "os": "freebsd", "cpu": "arm64" }, "sha512-W5NH4y/J0plIIS5b2xvTEkU7JFxyqdMAOgf+Ilhl0vHQXKO5dZoxd+C/jEtq56c4F3wk71RB4BMRQ2XdI+bwYQ=="],

    "@typescript/typescript-freebsd-x64": ["@typescript/typescript-freebsd-x64@7.0.2", "", { "os": "freebsd", "cpu": "x64" }, "sha512-UMGDx5sTpzNw3WiPebH7l90IWfJggEd+egHt/q6p7/Cm3zqoV7VxkGXt+3DxPIw8CcmvAB0j3sVVfbhX+M4Tpw=="],

    "@typescript/typescript-linux-arm": ["@typescript/typescript-linux-arm@7.0.2", "", { "os": "linux", "cpu": "arm" }, "sha512-gffT3xPz9sR7j/YJExkyPntrI0P2EP9XbOyWzth2/Gs0RstK+90RBcO0ncXoXy/beYll1SXw846Nf2zdnEz0QQ=="],

    "@typescript/typescript-linux-arm64": ["@typescript/typescript-linux-arm64@7.0.2", "", { "os": "linux", "cpu": "arm64" }, "sha512-Qh4eU4/y3yDjnfjjyPYihMj5/ODIlmt+Bzu17OI+fiSRDW57QmU5SiN63exPRNJPKUzcc1INa1NXdrJ+MqHjUQ=="],

    "@typescript/typescript-linux-loong64": ["@typescript/typescript-linux-loong64@7.0.2", "", { "os": "linux", "cpu": "none" }, "sha512-uEHck9i8hoAzXPiYRib1O7miOnz23SxIeVl6F4LXox+qov1K35jHcEW6VHKvZI+pyvl7fZEP4MCU5LYvIq1GuQ=="],

    "@typescript/typescript-linux-mips64el": ["@typescript/typescript-linux-mips64el@7.0.2", "", { "os": "linux", "cpu": "none" }, "sha512-R4KvAMnE43W5Qeqb0Ly56O3mWMWIAgsMyz36DCaycd5nbg/9kzm0liw3JocfRqyJY0KPmzFjbswozXyW0DnIYA=="],

    "@typescript/typescript-linux-ppc64": ["@typescript/typescript-linux-ppc64@7.0.2", "", { "os": "linux", "cpu": "ppc64" }, "sha512-DORx5b3sd/4S7eayxm4FQv+A7CrkUIGRaHiwI8oiHTAI1fAPWhF4J0vAlkC8biAlHSVVwxMQ3tjZ2/DVbnQiiA=="],

    "@typescript/typescript-linux-riscv64": ["@typescript/typescript-linux-riscv64@7.0.2", "", { "os": "linux", "cpu": "none" }, "sha512-wf0jqEDOjrPRnKwYRyyJDRo11KMbvMFrU+q4zqKyChODBzvlkbhNQfKvLxQCcwTpdDaXSHZTVuh0JoCrKCUMHQ=="],

    "@typescript/typescript-linux-s390x": ["@typescript/typescript-linux-s390x@7.0.2", "", { "os": "linux", "cpu": "s390x" }, "sha512-IkwJc3L7yhytWd/ewjyxNDfOmswCm9GWMJT/ue/dU4aZNbwZeYAetq42VyLmsmSjvoX7z74X6ZaYCtzAr0EuGw=="],

    "@typescript/typescript-linux-x64": ["@typescript/typescript-linux-x64@7.0.2", "", { "os": "linux", "cpu": "x64" }, "sha512-EYdf2cNg7rgCWJnxCdJ+F3V39O8ihb37eHAu1LK8oAFizgTQbPOK7zHHXbPt8rX24COqODXeI3sIf0fCXG7H/A=="],

    "@typescript/typescript-netbsd-arm64": ["@typescript/typescript-netbsd-arm64@7.0.2", "", { "os": "none", "cpu": "arm64" }, "sha512-+polYF4MF04aPpO5FTkHran9yUQDSXqy5GiSDKpsll5jy3l3+g9QLhpf39T+ePtefhXLOGrLl0QIjkQP6VnelA=="],

    "@typescript/typescript-netbsd-x64": ["@typescript/typescript-netbsd-x64@7.0.2", "", { "os": "none", "cpu": "x64" }, "sha512-8YIT0EHM/3dq10ZOVF/A7pc/YSMtbcecct4rWtexrnSCHOPcpC2KTLXfTCR6vDpnSiY12heNb1GiN/wu+T/FyA=="],

    "@typescript/typescript-openbsd-arm64": ["@typescript/typescript-openbsd-arm64@7.0.2", "", { "os": "openbsd", "cpu": "arm64" }, "sha512-APT8+ClYnuYm1u9+kgGXoMj2VzWzcymwh2gNSQVySHfkRDGOTVkoWLjCmOQSaO+PoqQ57B0flRp9SA+7GnnkzQ=="],

    "@typescript/typescript-openbsd-x64": ["@typescript/typescript-openbsd-x64@7.0.2", "", { "os": "openbsd", "cpu": "x64" }, "sha512-yX7s+Q0Dln0Dt9tEzZsAjXXR/+ytBM7AlglaqyeMPxQszJ1JhlJdZ6jLA+IzldHtflX81em7lDao1xXu+aRRkg=="],

    "@typescript/typescript-sunos-x64": ["@typescript/typescript-sunos-x64@7.0.2", "", { "os": "sunos", "cpu": "x64" }, "sha512-dLJDGaLZ1D4HPQn62u1n8mBDkJREwMsAkCdkwd4Ieqw+x3TUyTsqY0YiBCtE6H6OzzgGk3iuZ3vFWRS+E8/d1g=="],

    "@typescript/typescript-win32-arm64": ["@typescript/typescript-win32-arm64@7.0.2", "", { "os": "win32", "cpu": "arm64" }, "sha512-Gyl1Vy6OsWesLzmq+EP0Fb7b4Nid5232AvcA2SFcdYreldpNtYFFofPjnt62y9hQy7VTaZp65ICJjuAQRaVcIQ=="],

    "@typescript/typescript-win32-x64": ["@typescript/typescript-win32-x64@7.0.2", "", { "os": "win32", "cpu": "x64" }, "sha512-0BQ3HkAHHlKLSp1qRvf3SUhGpGsDuhB/jgFw75guyqbxJqEaS0Cw/VFO8i2nHglJUzQCRtMMR/IBAKE3ETMC4g=="],

    "better-dx": ["better-dx@0.2.19", "", { "dependencies": { "@stacksjs/bumpx": "^0.2.5", "@stacksjs/bunpress": "^0.1.4", "@stacksjs/clapp": "^0.2.6", "@stacksjs/clarity": "^0.3.28", "@stacksjs/gitlint": "^0.1.5", "@stacksjs/logsmith": "^0.2.1", "@types/bun": "^1.3.13", "buddy-bot": "^0.9.17", "bun-git-hooks": "^0.3.2", "bun-plugin-dtsx": "^0.10.6", "bunfig": "^0.15.11", "pickier": "^0.1.28", "ts-error-handling": "^0.1.1", "typescript": "^7.0.2" } }, "sha512-4ZmFRxyDWshLY/fFYdXXfRA0YjONYUgws/6qd8xPjbQ5eRZ2FwzWO+hK7+fsZN5XcusHHPRz44TYVX1AznvR8g=="],

    "buddy-bot": ["buddy-bot@0.9.22", "", { "dependencies": { "prompts": "^2.4.2", "ts-pantry": "^0.10.11" }, "bin": { "buddy-bot": "./dist/bin/cli.js" } }, "sha512-3KBNW+3HGlNH1Yd3Th/QH2UA/KCv7YU7lsdnO4xtphMwrf0LvmWiyF3Dpbgiku3HqrSoohKKlPZtJNG1LwIpaw=="],

    "bun-git-hooks": ["bun-git-hooks@0.3.2", "", { "bin": { "git-hooks": "./dist/bin/cli.js", "bun-git-hooks": "./dist/bin/cli.js" } }, "sha512-cHkmB7sxmtPNekzG0nGXqbN8Q+dZf4muvV4eCB8dBCduW1DHR+4YulKinPUk/C6Rogy+JMyL1ysVVVWwZobwZw=="],

    "bun-plugin-auto-imports": ["bun-plugin-auto-imports@0.4.1", "", {}, "sha512-S/+M76UtZc+1SBpqLKOmFXuEVBDnEBqjwnD3dsbHQao8vV+C46uN0JMQNJUZLdhR35KChZh1mHVJuiNqBrOSXQ=="],

    "bun-plugin-dtsx": ["bun-plugin-dtsx@0.10.8", "", { "dependencies": { "@stacksjs/dtsx": "0.10.8" } }, "sha512-bC+KYlYFHU0iV354e2GiEIBoNqt9B0UJTVN+b/iB9yMtoHWzSWlIkR2bEAlsKyJdpnF+biIEWoIFgQNMO7CLmw=="],

    "bun-plugin-stx": ["bun-plugin-stx@0.2.98", "", { "dependencies": { "@stacksjs/stx": "^0.2.72", "stx-router": "^0.2.72" }, "bin": { "serve": "./dist/serve.js", "stx-serve": "./dist/serve.js" } }, "sha512-/T3QL402Qow/XK3DYYapN5PJuAP9rkufQWuL70mWTjYmt0Y1R9mbagNU8TW4r6yzSHRAL6uE17DZmLEEt9Ba0g=="],

    "bun-query-builder": ["bun-query-builder@0.1.50", "", { "dependencies": { "@stacksjs/clapp": "^0.2.0", "@stacksjs/ts-faker": "^0.1.8", "@stacksjs/ts-validation": "^0.5.0", "dynamodb-tooling": "^0.3.2" }, "bin": { "query-builder": "./dist/bin/cli.js", "qbx": "./dist/bin/cli.js", "qb": "./dist/bin/cli.js" } }, "sha512-LjA70BrrrPrJUHDgeUv/IIajFxtoms/ZXEU12/MCWcmFdd3tktiyMblJnFNxyuj3jvajtHkYPLpr283pmIbTiA=="],

    "bun-types": ["bun-types@1.3.14", "", { "dependencies": { "@types/node": "*" } }, "sha512-4N0ig0fEomHt5R0KCFWjovxow98rIoRwKolrYdCcknNwMekCXRnWEUvgu5soYV8QXtVsrUD8B95MBOZGPvr6KQ=="],

    "bunfig": ["bunfig@0.15.15", "", { "dependencies": { "@stacksjs/clapp": "^0.2.0", "@stacksjs/clarity": "^0.3.24" }, "bin": { "bunfig": "./bin/cli.js" } }, "sha512-LEBk4M2WqwsJs7U9N5ZnEV6C9Oq74yhcF0VQj/dFBLWyxhDozH3xn4zxrJOFyTwYzYPn6AyDGtSnq2B05HrWZA=="],

    "data-uri-to-buffer": ["data-uri-to-buffer@6.0.2", "", {}, "sha512-7hvf7/GW8e86rW0ptuwS3OcBGDjIi6SZva7hCyWC0yYry2cOPmLIjXAUHI6DK2HsnwJd9ifmt57i8eV2n4YNpw=="],

    "dynamodb-tooling": ["dynamodb-tooling@0.3.5", "", { "bin": { "dbtooling": "./dist/cli.js" } }, "sha512-iYbwz4Kns4Lm3+JB8shdM+x20dAEkPm7i9Z/7t6V2LpHnE7vsxElIYdoCbXJWCBvRVNq8qGHVEOG7AsoRmpNHg=="],

    "kleur": ["kleur@3.0.3", "", {}, "sha512-eTIzlVOSUR+JxdDFepEYcBMtZ9Qqdef+rnzWdRZuMbOywu5tO2w2N7rqjoANZ5k9vywhL6Br1VRjUIgTQx4E8w=="],

    "localtunnels": ["localtunnels@0.2.7", "", { "dependencies": { "bunfig": "^0.15.6" }, "bin": { "localtunnel": "./dist/bin/cli.js", "lt": "./dist/bin/cli.js" } }, "sha512-jK9pxaFoZLKI7tOBd5p1tpEP+LD5Azy12Gv6k5kqEpsKGc1A+01HflaZbIbKx0YJeOzoX20MO1UE/4pdvw8DQA=="],

    "magic-regexp": ["magic-regexp@0.11.0", "", { "dependencies": { "magic-string": "^0.30.21", "regexp-tree": "^0.1.27", "type-level-regexp": "~0.1.17", "unplugin": "^3.0.0" } }, "sha512-LG77Z/gVnwz7oaDpD4heX6ryl+lcr4l1B2gnP4MMvt2pGhGC1Dfj7dl1pXpP4ih+VQFLuAadeKVa+lARAzfW+Q=="],

    "magic-string": ["magic-string@0.30.21", "", { "dependencies": { "@jridgewell/sourcemap-codec": "^1.5.5" } }, "sha512-vd2F4YUyEXKGcLHoq+TEyCjxueSeHnFxyyjNp80yg0XV4vUhnDer/lvvlqM/arB5bXQN5K2/3oinyCRyx8T2CQ=="],

    "pickier": ["pickier@0.1.40", "", { "dependencies": { "@stacksjs/clapp": "^0.2.3", "@stacksjs/clarity": "^0.3.24" }, "optionalDependencies": { "@stacksjs/ts-spell-check": "^0.1.0" }, "bin": { "pickier": "./dist/bin/cli.js" } }, "sha512-4zE0pNkJxg03SOaSziuSX5ZPIwwLczmjINUlNdrBhfHKlSp5DbAf3ExXlYCoFDk4YLmnVqXS/K9z5p4h7rvBGg=="],

    "picomatch": ["picomatch@4.0.5", "", {}, "sha512-RvwwcruNjI1ncT5xRakeyS9Lf8lcItv34KD+aif+VH9kduAyfYBipGh12274xtenIPZ119/R9BdTBa8gAwSh0A=="],

    "prompts": ["prompts@2.4.2", "", { "dependencies": { "kleur": "^3.0.3", "sisteransi": "^1.0.5" } }, "sha512-NxNv/kLguCA7p3jE8oL2aEBsrJWgAakBpgmgK6lpPWV+WuOmY6r2/zbAVnP+T8bQlA0nzHXSJSJW0Hq7ylaD2Q=="],

    "regexp-tree": ["regexp-tree@0.1.27", "", { "bin": { "regexp-tree": "bin/regexp-tree" } }, "sha512-iETxpjK6YoRWJG5o6hXLwvjYAoW+FEZn9os0PD/b6AP6xQwsa/Y7lCVgIixBbUPMfhu+i2LtdeAqVTgGlQarfA=="],

    "sisteransi": ["sisteransi@1.0.5", "", {}, "sha512-bLGGlR1QxBcynn2d5YmDX4MGjlZvy2MRBDRNHLJ8VI6l6+9FUiyTFNJ0IveOSP0bcXgVDPRcfGqA0pjaqUpfVg=="],

    "stacks": ["stacks@0.70.90", "", { "dependencies": { "@stacksjs/actions": "^0.70.90", "@stacksjs/ai": "^0.70.90", "@stacksjs/alias": "^0.70.90", "@stacksjs/analytics": "^0.70.90", "@stacksjs/api": "^0.70.90", "@stacksjs/arrays": "^0.70.90", "@stacksjs/auth": "^0.70.90", "@stacksjs/browser": "^0.70.90", "@stacksjs/browser-extension": "^0.70.90", "@stacksjs/buddy": "^0.70.90", "@stacksjs/build": "^0.70.90", "@stacksjs/cache": "^0.70.90", "@stacksjs/calendar-api": "^0.70.90", "@stacksjs/charts": "^0.70.90", "@stacksjs/chat": "^0.70.90", "@stacksjs/cli": "^0.70.90", "@stacksjs/cloud": "^0.70.90", "@stacksjs/cms": "^0.70.90", "@stacksjs/collections": "^0.70.90", "@stacksjs/commerce": "^0.70.90", "@stacksjs/composables": "^0.70.90", "@stacksjs/config": "^0.70.90", "@stacksjs/cron": "^0.70.90", "@stacksjs/database": "^0.70.90", "@stacksjs/datetime": "^0.70.90", "@stacksjs/defaults": "^0.70.90", "@stacksjs/desktop": "^0.70.90", "@stacksjs/dns": "^0.70.90", "@stacksjs/docs": "^0.70.90", "@stacksjs/email": "^0.70.90", "@stacksjs/enums": "^0.70.90", "@stacksjs/env": "^0.70.90", "@stacksjs/error-handling": "^0.70.90", "@stacksjs/events": "^0.70.90", "@stacksjs/faker": "^0.70.90", "@stacksjs/feature-flags": "^0.70.90", "@stacksjs/git": "^0.70.90", "@stacksjs/github": "^0.70.90", "@stacksjs/health": "^0.70.90", "@stacksjs/http": "^0.70.90", "@stacksjs/i18n": "^0.70.90", "@stacksjs/lint": "^0.70.90", "@stacksjs/logging": "^0.70.90", "@stacksjs/newsletter": "^0.70.90", "@stacksjs/notifications": "^0.70.90", "@stacksjs/objects": "^0.70.90", "@stacksjs/orm": "^0.70.90", "@stacksjs/path": "^0.70.90", "@stacksjs/payments": "^0.70.90", "@stacksjs/push": "^0.70.90", "@stacksjs/query-builder": "^0.70.90", "@stacksjs/queue": "^0.70.90", "@stacksjs/realtime": "^0.70.90", "@stacksjs/registry": "^0.70.90", "@stacksjs/repl": "^0.70.90", "@stacksjs/router": "^0.70.90", "@stacksjs/scheduler": "^0.70.90", "@stacksjs/search-engine": "^0.70.90", "@stacksjs/security": "^0.70.90", "@stacksjs/server": "^0.70.90", "@stacksjs/shell": "^0.70.90", "@stacksjs/skills": "^0.70.90", "@stacksjs/slug": "^0.70.90", "@stacksjs/sms": "^0.70.90", "@stacksjs/socials": "^0.70.90", "@stacksjs/storage": "^0.70.90", "@stacksjs/strings": "^0.70.90", "@stacksjs/testing": "^0.70.90", "@stacksjs/tinker": "^0.70.90", "@stacksjs/tlsx": "^0.13.0", "@stacksjs/tunnel": "^0.70.90", "@stacksjs/types": "^0.70.90", "@stacksjs/ui": "^0.70.90", "@stacksjs/utils": "^0.70.90", "@stacksjs/validation": "^0.70.90", "@stacksjs/whois": "^0.70.90", "better-dx": "^0.2.16", "bun-query-builder": "^0.1.47" } }, "sha512-Gif92LFI9ULwrox/wBbzHanatD8OyYNY0Q2ICYhZiHdQdZ9ESrW8VpgIVCsxuNp3YDsfh8xs6d4PBiS8DL/+eQ=="],

    "stx-router": ["stx-router@0.2.98", "", {}, "sha512-MRil7grhA2A6Z9mpeo8LM3vK//Oxctd0AIFU9lKRZAg4zkVxUrpmBApBKkHrcpMGXtT4CpqSuAtcMi3c0BRYqA=="],

    "ts-broadcasting": ["ts-broadcasting@0.0.8", "", { "bin": { "broadcast": "./dist/bin/cli.js" } }, "sha512-0qeFeTeWCRTkVQBLIhtvPCEhJ72EwF+G0TDF2V03ldxDKbFWlCRM5nJuP8aXyZDxeeGZ6zWwYtAIMRHrmwEDAA=="],

    "ts-collect": ["ts-collect@0.4.3", "", {}, "sha512-ERSFPKwKa8e4dolfhgi/8D4SCCNPkly0+oK8nWqxf8+KEFsjVc5f8AcJ3d1Q0Q+jGv9bu4L/qlzYxdzPIfuR1w=="],

    "ts-error-handling": ["ts-error-handling@0.1.3", "", {}, "sha512-Agm8wbQL1YVvnffVDSUKMgImZBoR4UVFjzPaIwPxa0z7YwsowKV8R57pCDIjLP/dTHRBetg7ZfdTeuNVb21OfA=="],

    "ts-gif": ["ts-gif@0.1.2", "", { "dependencies": { "data-uri-to-buffer": "^6.0.2" } }, "sha512-jbraplO1qqJtrtkFeepNPUGPad7w8FQHWIQFsn1OJbHeWKUbdqdkrX18XzNXI5Fw7+s6A3nbNTdj+Ukn4d3f8g=="],

    "ts-images": ["ts-images@0.1.11", "", { "dependencies": { "@stacksjs/ts-avif": "^0.1.0", "@stacksjs/ts-bmp": "^0.1.0", "@stacksjs/ts-png": "^0.1.2", "@stacksjs/ts-svg": "^0.1.1", "@stacksjs/ts-webp": "^0.1.0", "ts-gif": "^0.1.2", "ts-jpeg": "^0.3.1" }, "bin": { "imgx": "./dist/bin/cli.js" } }, "sha512-b5g1uADQR1Ytg4mS0EyFEce9jWhxC/kj1f5ChTVnnpPZV8NhI+aEW8YbH+LMDRCzCE1HRJiUIweUPqMkMAytIA=="],

    "ts-jpeg": ["ts-jpeg@0.3.3", "", {}, "sha512-ljEieWg5ZqvqfKk4dyW4By+ii4Nd4j8IC6b87flOruQfP8oPbI5+3C3q3IUeT0aLiVRipRPWAZexg92zcIy9yQ=="],

    "ts-pantry": ["ts-pantry@0.10.17", "", { "dependencies": { "@stacksjs/ts-cloud": "^0.7.26", "bunfig": "^0.15.6", "ts-web-scraper": "^0.1.1" }, "bin": { "ts-pantry": "./dist/bin/cli.js" } }, "sha512-t4zFOXm3YeGxpf3RGxjuvhujnB5oCqJUio4b0D0vi31fsYxJhY3ZKxO1iuRZNHOs+fwgRWB1dvgHJ51SVJOdQg=="],

    "ts-rate-limiter": ["ts-rate-limiter@0.4.4", "", { "bin": { "ts-rate-limiter": "./dist/bin/init-config.js" } }, "sha512-951NW5AZKRqfEjleVb1nmCfRO0seMWKaEa606xYt9Z5V4bboGguxKusWsEIGAPndttyYTgqG2IC48j1B03JaNg=="],

    "ts-security-crypto": ["ts-security-crypto@0.0.2", "", {}, "sha512-jL/9lM7FohuuDjCYpERAzvrj3FmrLD56PITJeqmER4AabW8HyMmDjWHup0XSLwjNgvN6rVHk3gLFGVmkbEKzcA=="],

    "ts-slug": ["ts-slug@0.1.2", "", {}, "sha512-/0uzIGb8OkLQzv38kjB1LgAXgFSCxqjLl+YlaJzNlYnZyfH3/r/YLiRoyIME/YPXrt/iks/nGBABC6QDClGJkA=="],

    "ts-spreadsheets": ["ts-spreadsheets@0.2.0", "", { "bin": { "spreadsheets": "dist/bin/cli.js" } }, "sha512-/4GiXSoF/lilocpenawz8X+MuPi6+aEfjI68fTXAqmpuzI4S2StQj19A85bvrFSga1DPf0qVQUHI1kzBlnjhyA=="],

    "ts-syntax-highlighter": ["ts-syntax-highlighter@0.2.5", "", { "bin": { "ts-syntax-highlighter": "./dist/bin/cli.js" } }, "sha512-4v2wDrPRZOeAA3o647xhyvuzpTIiSqimuR/KWoRZ/BtqX1yC9tesJzRMPpkbwZOI6BoJs65wST20Ma6Nyw+2Rg=="],

    "ts-web-scraper": ["ts-web-scraper@0.1.4", "", { "dependencies": { "bunfig": "^0.15.14" }, "bin": { "scraper": "./dist/bin/cli.js" } }, "sha512-hxZDU4A4n7j3R0tZSDYw294S6v4a7TmpkBdUBvSp6UozyoQzceKQ/uiwmrIsMU1s+daTo01l+1QUeoRtl70/Rg=="],

    "type-level-regexp": ["type-level-regexp@0.1.17", "", {}, "sha512-wTk4DH3cxwk196uGLK/E9pE45aLfeKJacKmcEgEOA/q5dnPGNxXt0cfYdFxb57L+sEpf1oJH4Dnx/pnRcku9jg=="],

    "typescript": ["typescript@7.0.2", "", { "optionalDependencies": { "@typescript/typescript-aix-ppc64": "7.0.2", "@typescript/typescript-darwin-arm64": "7.0.2", "@typescript/typescript-darwin-x64": "7.0.2", "@typescript/typescript-freebsd-arm64": "7.0.2", "@typescript/typescript-freebsd-x64": "7.0.2", "@typescript/typescript-linux-arm": "7.0.2", "@typescript/typescript-linux-arm64": "7.0.2", "@typescript/typescript-linux-loong64": "7.0.2", "@typescript/typescript-linux-mips64el": "7.0.2", "@typescript/typescript-linux-ppc64": "7.0.2", "@typescript/typescript-linux-riscv64": "7.0.2", "@typescript/typescript-linux-s390x": "7.0.2", "@typescript/typescript-linux-x64": "7.0.2", "@typescript/typescript-netbsd-arm64": "7.0.2", "@typescript/typescript-netbsd-x64": "7.0.2", "@typescript/typescript-openbsd-arm64": "7.0.2", "@typescript/typescript-openbsd-x64": "7.0.2", "@typescript/typescript-sunos-x64": "7.0.2", "@typescript/typescript-win32-arm64": "7.0.2", "@typescript/typescript-win32-x64": "7.0.2" }, "bin": { "tsc": "bin/tsc" } }, "sha512-8FYau96o3NKOhbjKi/qNvG/W5jhzxkbdm5sj9AbZ/5T5sWqn3hJgLfGx27sRKZWTvyzCP8dLRBTf5tBTSRVUNA=="],

    "undici-types": ["undici-types@8.3.0", "", {}, "sha512-j375ScV60dom+YkPFIfTLcOiPxkN/buHz5GobjLhixFuANaNs3C9l4GmrWqejgXWJ7BbJcFYpTEUkS1Ge8bpZQ=="],

    "unplugin": ["unplugin@3.3.0", "", { "dependencies": { "@jridgewell/remapping": "^2.3.5", "picomatch": "^4.0.4", "webpack-virtual-modules": "^0.6.2" }, "peerDependencies": { "@farmfe/core": "*", "@rspack/core": "*", "bun-types-no-globals": "*", "esbuild": "*", "rolldown": "*", "rollup": "*", "unloader": "*", "vite": "*", "webpack": "*" }, "optionalPeers": ["@farmfe/core", "@rspack/core", "bun-types-no-globals", "esbuild", "rolldown", "rollup", "unloader", "vite", "webpack"] }, "sha512-qa66K+crbfyE6JK10GjvbJeRrOsuC/JpbnHctfyp/i4oBTxWOzJfRZyDiOk1PtErMFRu8JhsU/wPvOdBNWe5Rg=="],

    "webpack-virtual-modules": ["webpack-virtual-modules@0.6.2", "", {}, "sha512-66/V2i5hQanC51vBQKPH4aI8NMAcBW59FVBs+rC7eGHupMyfn34q7rZIE+ETlJ+XTevqfUhVVBgSUNSW2flEUQ=="],

    "stacks/@stacksjs/desktop": ["@stacksjs/desktop@0.70.90", "", {}, "sha512-ay5SbPcI5LF5wZG5iwRWmPMKZB5Pv/tFkDzLeR7ERJZzuc8qkEdj9pXUQ6uJPxBC25tcT1XmuxCJgZ2xpS2qtA=="],

    "stacks/@stacksjs/registry": ["@stacksjs/registry@0.70.90", "", {}, "sha512-NpXU93YJCMg+H/0/L9fH5RTiItjmJM97FSvbAS8HMRFCgfDTyhzlR/IhrkYvsOEEWO7iROmsOJFDx1w41XydaA=="],
  }
}
